
Microsoft Visual Studio Solution File, Format Version 12.00
# Visual Studio Version 17
VisualStudioVersion = 17.12.35521.163 d17.12
MinimumVisualStudioVersion = 10.0.40219.1
Project("{FAE04EC0-301F-11D3-BF4B-00C04F79EFBC}") = "QtecAcc.Api", "QtecAcc.Api\QtecAcc.Api.csproj", "{3AAA919A-9968-4602-843F-CD7F227DF195}"
EndProject
Project("{FAE04EC0-301F-11D3-BF4B-00C04F79EFBC}") = "QtecAcc.Domains", "QtecAcc.Domains\QtecAcc.Domains.csproj", "{F8DDD386-98DC-46E4-94AC-6BF9278114BC}"
EndProject
Project("{FAE04EC0-301F-11D3-BF4B-00C04F79EFBC}") = "QtecAcc.Infrastructure", "QtecAcc.Infrastructure\QtecAcc.Infrastructure.csproj", "{EB0ED050-D301-4B2F-8694-5BF371318600}"
EndProject
Project("{FAE04EC0-301F-11D3-BF4B-00C04F79EFBC}") = "QtecAcc.Application", "QtecAcc.Application\QtecAcc.Application.csproj", "{91298F19-070D-4AEE-B511-58EC4507C425}"
EndProject
Global
	GlobalSection(SolutionConfigurationPlatforms) = preSolution
		Debug|Any CPU = Debug|Any CPU
		Release|Any CPU = Release|Any CPU
	EndGlobalSection
	GlobalSection(ProjectConfigurationPlatforms) = postSolution
		{3AAA919A-9968-4602-843F-CD7F227DF195}.Debug|Any CPU.ActiveCfg = Debug|Any CPU
		{3AAA919A-9968-4602-843F-CD7F227DF195}.Debug|Any CPU.Build.0 = Debug|Any CPU
		{3AAA919A-9968-4602-843F-CD7F227DF195}.Release|Any CPU.ActiveCfg = Release|Any CPU
		{3AAA919A-9968-4602-843F-CD7F227DF195}.Release|Any CPU.Build.0 = Release|Any CPU
		{F8DDD386-98DC-46E4-94AC-6BF9278114BC}.Debug|Any CPU.ActiveCfg = Debug|Any CPU
		{F8DDD386-98DC-46E4-94AC-6BF9278114BC}.Debug|Any CPU.Build.0 = Debug|Any CPU
		{F8DDD386-98DC-46E4-94AC-6BF9278114BC}.Release|Any CPU.ActiveCfg = Release|Any CPU
		{F8DDD386-98DC-46E4-94AC-6BF9278114BC}.Release|Any CPU.Build.0 = Release|Any CPU
		{EB0ED050-D301-4B2F-8694-5BF371318600}.Debug|Any CPU.ActiveCfg = Debug|Any CPU
		{EB0ED050-D301-4B2F-8694-5BF371318600}.Debug|Any CPU.Build.0 = Debug|Any CPU
		{EB0ED050-D301-4B2F-8694-5BF371318600}.Release|Any CPU.ActiveCfg = Release|Any CPU
		{EB0ED050-D301-4B2F-8694-5BF371318600}.Release|Any CPU.Build.0 = Release|Any CPU
		{91298F19-070D-4AEE-B511-58EC4507C425}.Debug|Any CPU.ActiveCfg = Debug|Any CPU
		{91298F19-070D-4AEE-B511-58EC4507C425}.Debug|Any CPU.Build.0 = Debug|Any CPU
		{91298F19-070D-4AEE-B511-58EC4507C425}.Release|Any CPU.ActiveCfg = Release|Any CPU
		{91298F19-070D-4AEE-B511-58EC4507C425}.Release|Any CPU.Build.0 = Release|Any CPU
	EndGlobalSection
	GlobalSection(SolutionProperties) = preSolution
		HideSolutionNode = FALSE
	EndGlobalSection
EndGlobal
